# This file is automatically @generated by Cargo.
# It is not intended for manual editing.
version = 3

[[package]]
name = "BeeOS"
version = "0.1.0"
dependencies = [
 "resurgence",
]

[[package]]
name = "resurgence"
version = "0.1.8"
source = "registry+https://github.com/rust-lang/crates.io-index"
checksum = "6bb375e98ecd620884732f8b68849788813c29731d47977f2ccda2f74b6f5bcb"
